// !$*UTF8*$!
{
	archiveVersion = 1;
	classes = {
	};
	objectVersion = 46;
	objects = {

/* Begin PBXBuildFile section */
		7DE0F6721A9974D000E14A68 /* Foundation.framework in Frameworks */ = {isa = PBXBuildFile; fileRef = 7DE0F6711A9974D000E14A68 /* Foundation.framework */; };
		7DE0F6741A9974D000E14A68 /* CoreGraphics.framework in Frameworks */ = {isa = PBXBuildFile; fileRef = 7DE0F6731A9974D000E14A68 /* CoreGraphics.framework */; };
		7DE0F6761A9974D000E14A68 /* UIKit.framework in Frameworks */ = {isa = PBXBuildFile; fileRef = 7DE0F6751A9974D000E14A68 /* UIKit.framework */; };
		7DE0F67C1A9974D000E14A68 /* InfoPlist.strings in Resources */ = {isa = PBXBuildFile; fileRef = 7DE0F67A1A9974D000E14A68 /* InfoPlist.strings */; };
		7DE0F67E1A9974D000E14A68 /* main.m in Sources */ = {isa = PBXBuildFile; fileRef = 7DE0F67D1A9974D000E14A68 /* main.m */; };
		7DE0F6821A9974D000E14A68 /* AppDelegate.m in Sources */ = {isa = PBXBuildFile; fileRef = 7DE0F6811A9974D000E14A68 /* AppDelegate.m */; };
		7DE0F6851A9974D000E14A68 /* Main.storyboard in Resources */ = {isa = PBXBuildFile; fileRef = 7DE0F6831A9974D000E14A68 /* Main.storyboard */; };
		7DE0F6881A9974D000E14A68 /* MasterViewController.m in Sources */ = {isa = PBXBuildFile; fileRef = 7DE0F6871A9974D000E14A68 /* MasterViewController.m */; };
		7DE0F68B1A9974D000E14A68 /* DetailViewController.m in Sources */ = {isa = PBXBuildFile; fileRef = 7DE0F68A1A9974D000E14A68 /* DetailViewController.m */; };
		7DE0F68D1A9974D000E14A68 /* Images.xcassets in Resources */ = {isa = PBXBuildFile; fileRef = 7DE0F68C1A9974D000E14A68 /* Images.xcassets */; };
		7DE0F6941A9974D000E14A68 /* XCTest.framework in Frameworks */ = {isa = PBXBuildFile; fileRef = 7DE0F6931A9974D000E14A68 /* XCTest.framework */; };
		7DE0F6951A9974D000E14A68 /* Foundation.framework in Frameworks */ = {isa = PBXBuildFile; fileRef = 7DE0F6711A9974D000E14A68 /* Foundation.framework */; };
		7DE0F6961A9974D000E14A68 /* UIKit.framework in Frameworks */ = {isa = PBXBuildFile; fileRef = 7DE0F6751A9974D000E14A68 /* UIKit.framework */; };
		7DE0F69E1A9974D000E14A68 /* InfoPlist.strings in Resources */ = {isa = PBXBuildFile; fileRef = 7DE0F69C1A9974D000E14A68 /* InfoPlist.strings */; };
		7DE0F6A01A9974D000E14A68 /* catalogTests.m in Sources */ = {isa = PBXBuildFile; fileRef = 7DE0F69F1A9974D000E14A68 /* catalogTests.m */; };
		7DE0F6AB1A9977E300E14A68 /* Product.m in Sources */ = {isa = PBXBuildFile; fileRef = 7DE0F6AA1A9977E300E14A68 /* Product.m */; };
		7DE0F6AE1A9992FC00E14A68 /* DBAccess.m in Sources */ = {isa = PBXBuildFile; fileRef = 7DE0F6AD1A9992FC00E14A68 /* DBAccess.m */; };
/* End PBXBuildFile section */

/* Begin PBXContainerItemProxy section */
		7DE0F6971A9974D000E14A68 /* PBXContainerItemProxy */ = {
			isa = PBXContainerItemProxy;
			containerPortal = 7DE0F6661A9974D000E14A68 /* Project object */;
			proxyType = 1;
			remoteGlobalIDString = 7DE0F66D1A9974D000E14A68;
			remoteInfo = catalog;
		};
/* End PBXContainerItemProxy section */

/* Begin PBXFileReference section */
		7DE0F66E1A9974D000E14A68 /* catalog.app */ = {isa = PBXFileReference; explicitFileType = wrapper.application; includeInIndex = 0; path = catalog.app; sourceTree = BUILT_PRODUCTS_DIR; };
		7DE0F6711A9974D000E14A68 /* Foundation.framework */ = {isa = PBXFileReference; lastKnownFileType = wrapper.framework; name = Foundation.framework; path = System/Library/Frameworks/Foundation.framework; sourceTree = SDKROOT; };
		7DE0F6731A9974D000E14A68 /* CoreGraphics.framework */ = {isa = PBXFileReference; lastKnownFileType = wrapper.framework; name = CoreGraphics.framework; path = System/Library/Frameworks/CoreGraphics.framework; sourceTree = SDKROOT; };
		7DE0F6751A9974D000E14A68 /* UIKit.framework */ = {isa = PBXFileReference; lastKnownFileType = wrapper.framework; name = UIKit.framework; path = System/Library/Frameworks/UIKit.framework; sourceTree = SDKROOT; };
		7DE0F6791A9974D000E14A68 /* catalog-Info.plist */ = {isa = PBXFileReference; lastKnownFileType = text.plist.xml; path = "catalog-Info.plist"; sourceTree = "<group>"; };
		7DE0F67B1A9974D000E14A68 /* en */ = {isa = PBXFileReference; lastKnownFileType = text.plist.strings; name = en; path = en.lproj/InfoPlist.strings; sourceTree = "<group>"; };
		7DE0F67D1A9974D000E14A68 /* main.m */ = {isa = PBXFileReference; lastKnownFileType = sourcecode.c.objc; path = main.m; sourceTree = "<group>"; };
		7DE0F67F1A9974D000E14A68 /* catalog-Prefix.pch */ = {isa = PBXFileReference; lastKnownFileType = sourcecode.c.h; path = "catalog-Prefix.pch"; sourceTree = "<group>"; };
		7DE0F6801A9974D000E14A68 /* AppDelegate.h */ = {isa = PBXFileReference; lastKnownFileType = sourcecode.c.h; path = AppDelegate.h; sourceTree = "<group>"; };
		7DE0F6811A9974D000E14A68 /* AppDelegate.m */ = {isa = PBXFileReference; lastKnownFileType = sourcecode.c.objc; path = AppDelegate.m; sourceTree = "<group>"; };
		7DE0F6841A9974D000E14A68 /* Base */ = {isa = PBXFileReference; lastKnownFileType = file.storyboard; name = Base; path = Base.lproj/Main.storyboard; sourceTree = "<group>"; };
		7DE0F6861A9974D000E14A68 /* MasterViewController.h */ = {isa = PBXFileReference; lastKnownFileType = sourcecode.c.h; path = MasterViewController.h; sourceTree = "<group>"; };
		7DE0F6871A9974D000E14A68 /* MasterViewController.m */ = {isa = PBXFileReference; lastKnownFileType = sourcecode.c.objc; path = MasterViewController.m; sourceTree = "<group>"; };
		7DE0F6891A9974D000E14A68 /* DetailViewController.h */ = {isa = PBXFileReference; lastKnownFileType = sourcecode.c.h; path = DetailViewController.h; sourceTree = "<group>"; };
		7DE0F68A1A9974D000E14A68 /* DetailViewController.m */ = {isa = PBXFileReference; lastKnownFileType = sourcecode.c.objc; path = DetailViewController.m; sourceTree = "<group>"; };
		7DE0F68C1A9974D000E14A68 /* Images.xcassets */ = {isa = PBXFileReference; lastKnownFileType = folder.assetcatalog; path = Images.xcassets; sourceTree = "<group>"; };
		7DE0F6921A9974D000E14A68 /* catalogTests.xctest */ = {isa = PBXFileReference; explicitFileType = wrapper.cfbundle; includeInIndex = 0; path = catalogTests.xctest; sourceTree = BUILT_PRODUCTS_DIR; };
		7DE0F6931A9974D000E14A68 /* XCTest.framework */ = {isa = PBXFileReference; lastKnownFileType = wrapper.framework; name = XCTest.framework; path = Library/Frameworks/XCTest.framework; sourceTree = DEVELOPER_DIR; };
		7DE0F69B1A9974D000E14A68 /* catalogTests-Info.plist */ = {isa = PBXFileReference; lastKnownFileType = text.plist.xml; path = "catalogTests-Info.plist"; sourceTree = "<group>"; };
		7DE0F69D1A9974D000E14A68 /* en */ = {isa = PBXFileReference; lastKnownFileType = text.plist.strings; name = en; path = en.lproj/InfoPlist.strings; sourceTree = "<group>"; };
		7DE0F69F1A9974D000E14A68 /* catalogTests.m */ = {isa = PBXFileReference; lastKnownFileType = sourcecode.c.objc; path = catalogTests.m; sourceTree = "<group>"; };
		7DE0F6A91A9977E300E14A68 /* Product.h */ = {isa = PBXFileReference; fileEncoding = 4; lastKnownFileType = sourcecode.c.h; path = Product.h; sourceTree = "<group>"; };
		7DE0F6AA1A9977E300E14A68 /* Product.m */ = {isa = PBXFileReference; fileEncoding = 4; lastKnownFileType = sourcecode.c.objc; path = Product.m; sourceTree = "<group>"; };
		7DE0F6AC1A9992FC00E14A68 /* DBAccess.h */ = {isa = PBXFileReference; fileEncoding = 4; lastKnownFileType = sourcecode.c.h; path = DBAccess.h; sourceTree = "<group>"; };
		7DE0F6AD1A9992FC00E14A68 /* DBAccess.m */ = {isa = PBXFileReference; fileEncoding = 4; lastKnownFileType = sourcecode.c.objc; path = DBAccess.m; sourceTree = "<group>"; };
/* End PBXFileReference section */

/* Begin PBXFrameworksBuildPhase section */
		7DE0F66B1A9974D000E14A68 /* Frameworks */ = {
			isa = PBXFrameworksBuildPhase;
			buildActionMask = 2147483647;
			files = (
				7DE0F6741A9974D000E14A68 /* CoreGraphics.framework in Frameworks */,
				7DE0F6761A9974D000E14A68 /* UIKit.framework in Frameworks */,
				7DE0F6721A9974D000E14A68 /* Foundation.framework in Frameworks */,
			);
			runOnlyForDeploymentPostprocessing = 0;
		};
		7DE0F68F1A9974D000E14A68 /* Frameworks */ = {
			isa = PBXFrameworksBuildPhase;
			buildActionMask = 2147483647;
			files = (
				7DE0F6941A9974D000E14A68 /* XCTest.framework in Frameworks */,
				7DE0F6961A9974D000E14A68 /* UIKit.framework in Frameworks */,
				7DE0F6951A9974D000E14A68 /* Foundation.framework in Frameworks */,
			);
			runOnlyForDeploymentPostprocessing = 0;
		};
/* End PBXFrameworksBuildPhase section */

/* Begin PBXGroup section */
		7DE0F6651A9974D000E14A68 = {
			isa = PBXGroup;
			children = (
				7DE0F6771A9974D000E14A68 /* catalog */,
				7DE0F6991A9974D000E14A68 /* catalogTests */,
				7DE0F6701A9974D000E14A68 /* Frameworks */,
				7DE0F66F1A9974D000E14A68 /* Products */,
			);
			sourceTree = "<group>";
		};
		7DE0F66F1A9974D000E14A68 /* Products */ = {
			isa = PBXGroup;
			children = (
				7DE0F66E1A9974D000E14A68 /* catalog.app */,
				7DE0F6921A9974D000E14A68 /* catalogTests.xctest */,
			);
			name = Products;
			sourceTree = "<group>";
		};
		7DE0F6701A9974D000E14A68 /* Frameworks */ = {
			isa = PBXGroup;
			children = (
				7DE0F6711A9974D000E14A68 /* Foundation.framework */,
				7DE0F6731A9974D000E14A68 /* CoreGraphics.framework */,
				7DE0F6751A9974D000E14A68 /* UIKit.framework */,
				7DE0F6931A9974D000E14A68 /* XCTest.framework */,
			);
			name = Frameworks;
			sourceTree = "<group>";
		};
		7DE0F6771A9974D000E14A68 /* catalog */ = {
			isa = PBXGroup;
			children = (
				7DE0F6801A9974D000E14A68 /* AppDelegate.h */,
				7DE0F6811A9974D000E14A68 /* AppDelegate.m */,
				7DE0F6831A9974D000E14A68 /* Main.storyboard */,
				7DE0F6861A9974D000E14A68 /* MasterViewController.h */,
				7DE0F6871A9974D000E14A68 /* MasterViewController.m */,
				7DE0F6891A9974D000E14A68 /* DetailViewController.h */,
				7DE0F68A1A9974D000E14A68 /* DetailViewController.m */,
				7DE0F68C1A9974D000E14A68 /* Images.xcassets */,
				7DE0F6781A9974D000E14A68 /* Supporting Files */,
				7DE0F6A91A9977E300E14A68 /* Product.h */,
				7DE0F6AA1A9977E300E14A68 /* Product.m */,
				7DE0F6AC1A9992FC00E14A68 /* DBAccess.h */,
				7DE0F6AD1A9992FC00E14A68 /* DBAccess.m */,
			);
			path = catalog;
			sourceTree = "<group>";
		};
		7DE0F6781A9974D000E14A68 /* Supporting Files */ = {
			isa = PBXGroup;
			children = (
				7DE0F6791A9974D000E14A68 /* catalog-Info.plist */,
				7DE0F67A1A9974D000E14A68 /* InfoPlist.strings */,
				7DE0F67D1A9974D000E14A68 /* main.m */,
				7DE0F67F1A9974D000E14A68 /* catalog-Prefix.pch */,
			);
			name = "Supporting Files";
			sourceTree = "<group>";
		};
		7DE0F6991A9974D000E14A68 /* catalogTests */ = {
			isa = PBXGroup;
			children = (
				7DE0F69F1A9974D000E14A68 /* catalogTests.m */,
				7DE0F69A1A9974D000E14A68 /* Supporting Files */,
			);
			path = catalogTests;
			sourceTree = "<group>";
		};
		7DE0F69A1A9974D000E14A68 /* Supporting Files */ = {
			isa = PBXGroup;
			children = (
				7DE0F69B1A9974D000E14A68 /* catalogTests-Info.plist */,
				7DE0F69C1A9974D000E14A68 /* InfoPlist.strings */,
			);
			name = "Supporting Files";
			sourceTree = "<group>";
		};
/* End PBXGroup section */

/* Begin PBXNativeTarget section */
		7DE0F66D1A9974D000E14A68 /* catalog */ = {
			isa = PBXNativeTarget;
			buildConfigurationList = 7DE0F6A31A9974D000E14A68 /* Build configuration list for PBXNativeTarget "catalog" */;
			buildPhases = (
				7DE0F66A1A9974D000E14A68 /* Sources */,
				7DE0F66B1A9974D000E14A68 /* Frameworks */,
				7DE0F66C1A9974D000E14A68 /* Resources */,
			);
			buildRules = (
			);
			dependencies = (
			);
			name = catalog;
			productName = catalog;
			productReference = 7DE0F66E1A9974D000E14A68 /* catalog.app */;
			productType = "com.apple.product-type.application";
		};
		7DE0F6911A9974D000E14A68 /* catalogTests */ = {
			isa = PBXNativeTarget;
			buildConfigurationList = 7DE0F6A61A9974D000E14A68 /* Build configuration list for PBXNativeTarget "catalogTests" */;
			buildPhases = (
				7DE0F68E1A9974D000E14A68 /* Sources */,
				7DE0F68F1A9974D000E14A68 /* Frameworks */,
				7DE0F6901A9974D000E14A68 /* Resources */,
			);
			buildRules = (
			);
			dependencies = (
				7DE0F6981A9974D000E14A68 /* PBXTargetDependency */,
			);
			name = catalogTests;
			productName = catalogTests;
			productReference = 7DE0F6921A9974D000E14A68 /* catalogTests.xctest */;
			productType = "com.apple.product-type.bundle.unit-test";
		};
/* End PBXNativeTarget section */

/* Begin PBXProject section */
		7DE0F6661A9974D000E14A68 /* Project object */ = {
			isa = PBXProject;
			attributes = {
				LastUpgradeCheck = 0500;
				ORGANIZATIONNAME = Granville;
				TargetAttributes = {
					7DE0F6911A9974D000E14A68 = {
						TestTargetID = 7DE0F66D1A9974D000E14A68;
					};
				};
			};
			buildConfigurationList = 7DE0F6691A9974D000E14A68 /* Build configuration list for PBXProject "catalog" */;
			compatibilityVersion = "Xcode 3.2";
			developmentRegion = English;
			hasScannedForEncodings = 0;
			knownRegions = (
				en,
				Base,
			);
			mainGroup = 7DE0F6651A9974D000E14A68;
			productRefGroup = 7DE0F66F1A9974D000E14A68 /* Products */;
			projectDirPath = "";
			projectRoot = "";
			targets = (
				7DE0F66D1A9974D000E14A68 /* catalog */,
				7DE0F6911A9974D000E14A68 /* catalogTests */,
			);
		};
/* End PBXProject section */

/* Begin PBXResourcesBuildPhase section */
		7DE0F66C1A9974D000E14A68 /* Resources */ = {
			isa = PBXResourcesBuildPhase;
			buildActionMask = 2147483647;
			files = (
				7DE0F68D1A9974D000E14A68 /* Images.xcassets in Resources */,
				7DE0F67C1A9974D000E14A68 /* InfoPlist.strings in Resources */,
				7DE0F6851A9974D000E14A68 /* Main.storyboard in Resources */,
			);
			runOnlyForDeploymentPostprocessing = 0;
		};
		7DE0F6901A9974D000E14A68 /* Resources */ = {
			isa = PBXResourcesBuildPhase;
			buildActionMask = 2147483647;
			files = (
				7DE0F69E1A9974D000E14A68 /* InfoPlist.strings in Resources */,
			);
			runOnlyForDeploymentPostprocessing = 0;
		};
/* End PBXResourcesBuildPhase section */

/* Begin PBXSourcesBuildPhase section */
		7DE0F66A1A9974D000E14A68 /* Sources */ = {
			isa = PBXSourcesBuildPhase;
			buildActionMask = 2147483647;
			files = (
				7DE0F6821A9974D000E14A68 /* AppDelegate.m in Sources */,
				7DE0F6AB1A9977E300E14A68 /* Product.m in Sources */,
				7DE0F6881A9974D000E14A68 /* MasterViewController.m in Sources */,
				7DE0F6AE1A9992FC00E14A68 /* DBAccess.m in Sources */,
				7DE0F67E1A9974D000E14A68 /* main.m in Sources */,
				7DE0F68B1A9974D000E14A68 /* DetailViewController.m in Sources */,
			);
			runOnlyForDeploymentPostprocessing = 0;
		};
		7DE0F68E1A9974D000E14A68 /* Sources */ = {
			isa = PBXSourcesBuildPhase;
			buildActionMask = 2147483647;
			files = (
				7DE0F6A01A9974D000E14A68 /* catalogTests.m in Sources */,
			);
			runOnlyForDeploymentPostprocessing = 0;
		};
/* End PBXSourcesBuildPhase section */

/* Begin PBXTargetDependency section */
		7DE0F6981A9974D000E14A68 /* PBXTargetDependency */ = {
			isa = PBXTargetDependency;
			target = 7DE0F66D1A9974D000E14A68 /* catalog */;
			targetProxy = 7DE0F6971A9974D000E14A68 /* PBXContainerItemProxy */;
		};
/* End PBXTargetDependency section */

/* Begin PBXVariantGroup section */
		7DE0F67A1A9974D000E14A68 /* InfoPlist.strings */ = {
			isa = PBXVariantGroup;
			children = (
				7DE0F67B1A9974D000E14A68 /* en */,
			);
			name = InfoPlist.strings;
			sourceTree = "<group>";
		};
		7DE0F6831A9974D000E14A68 /* Main.storyboard */ = {
			isa = PBXVariantGroup;
			children = (
				7DE0F6841A9974D000E14A68 /* Base */,
			);
			name = Main.storyboard;
			sourceTree = "<group>";
		};
		7DE0F69C1A9974D000E14A68 /* InfoPlist.strings */ = {
			isa = PBXVariantGroup;
			children = (
				7DE0F69D1A9974D000E14A68 /* en */,
			);
			name = InfoPlist.strings;
			sourceTree = "<group>";
		};
/* End PBXVariantGroup section */

/* Begin XCBuildConfiguration section */
		7DE0F6A11A9974D000E14A68 /* Debug */ = {
			isa = XCBuildConfiguration;
			buildSettings = {
				ALWAYS_SEARCH_USER_PATHS = NO;
				ARCHS = "$(ARCHS_STANDARD_INCLUDING_64_BIT)";
				CLANG_CXX_LANGUAGE_STANDARD = "gnu++0x";
				CLANG_CXX_LIBRARY = "libc++";
				CLANG_ENABLE_MODULES = YES;
				CLANG_ENABLE_OBJC_ARC = YES;
				CLANG_WARN_BOOL_CONVERSION = YES;
				CLANG_WARN_CONSTANT_CONVERSION = YES;
				CLANG_WARN_DIRECT_OBJC_ISA_USAGE = YES_ERROR;
				CLANG_WARN_EMPTY_BODY = YES;
				CLANG_WARN_ENUM_CONVERSION = YES;
				CLANG_WARN_INT_CONVERSION = YES;
				CLANG_WARN_OBJC_ROOT_CLASS = YES_ERROR;
				CLANG_WARN__DUPLICATE_METHOD_MATCH = YES;
				"CODE_SIGN_IDENTITY[sdk=iphoneos*]" = "iPhone Developer";
				COPY_PHASE_STRIP = NO;
				GCC_C_LANGUAGE_STANDARD = gnu99;
				GCC_DYNAMIC_NO_PIC = NO;
				GCC_OPTIMIZATION_LEVEL = 0;
				GCC_PREPROCESSOR_DEFINITIONS = (
					"DEBUG=1",
					"$(inherited)",
				);
				GCC_SYMBOLS_PRIVATE_EXTERN = NO;
				GCC_WARN_64_TO_32_BIT_CONVERSION = YES;
				GCC_WARN_ABOUT_RETURN_TYPE = YES_ERROR;
				GCC_WARN_UNDECLARED_SELECTOR = YES;
				GCC_WARN_UNINITIALIZED_AUTOS = YES;
				GCC_WARN_UNUSED_FUNCTION = YES;
				GCC_WARN_UNUSED_VARIABLE = YES;
				IPHONEOS_DEPLOYMENT_TARGET = 7.0;
				ONLY_ACTIVE_ARCH = YES;
				SDKROOT = iphoneos;
			};
			name = Debug;
		};
		7DE0F6A21A9974D000E14A68 /* Release */ = {
			isa = XCBuildConfiguration;
			buildSettings = {
				ALWAYS_SEARCH_USER_PATHS = NO;
				ARCHS = "$(ARCHS_STANDARD_INCLUDING_64_BIT)";
				CLANG_CXX_LANGUAGE_STANDARD = "gnu++0x";
				CLANG_CXX_LIBRARY = "libc++";
				CLANG_ENABLE_MODULES = YES;
				CLANG_ENABLE_OBJC_ARC = YES;
				CLANG_WARN_BOOL_CONVERSION = YES;
				CLANG_WARN_CONSTANT_CONVERSION = YES;
				CLANG_WARN_DIRECT_OBJC_ISA_USAGE = YES_ERROR;
				CLANG_WARN_EMPTY_BODY = YES;
				CLANG_WARN_ENUM_CONVERSION = YES;
				CLANG_WARN_INT_CONVERSION = YES;
				CLANG_WARN_OBJC_ROOT_CLASS = YES_ERROR;
				CLANG_WARN__DUPLICATE_METHOD_MATCH = YES;
				"CODE_SIGN_IDENTITY[sdk=iphoneos*]" = "iPhone Developer";
				COPY_PHASE_STRIP = YES;
				ENABLE_NS_ASSERTIONS = NO;
				GCC_C_LANGUAGE_STANDARD = gnu99;
				GCC_WARN_64_TO_32_BIT_CONVERSION = YES;
				GCC_WARN_ABOUT_RETURN_TYPE = YES_ERROR;
				GCC_WARN_UNDECLARED_SELECTOR = YES;
				GCC_WARN_UNINITIALIZED_AUTOS = YES;
				GCC_WARN_UNUSED_FUNCTION = YES;
				GCC_WARN_UNUSED_VARIABLE = YES;
				IPHONEOS_DEPLOYMENT_TARGET = 7.0;
				SDKROOT = iphoneos;
				VALIDATE_PRODUCT = YES;
			};
			name = Release;
		};
		7DE0F6A41A9974D000E14A68 /* Debug */ = {
			isa = XCBuildConfiguration;
			buildSettings = {
				ASSETCATALOG_COMPILER_APPICON_NAME = AppIcon;
				ASSETCATALOG_COMPILER_LAUNCHIMAGE_NAME = LaunchImage;
				GCC_PRECOMPILE_PREFIX_HEADER = YES;
				GCC_PREFIX_HEADER = "catalog/catalog-Prefix.pch";
				INFOPLIST_FILE = "catalog/catalog-Info.plist";
				PRODUCT_NAME = "$(TARGET_NAME)";
				WRAPPER_EXTENSION = app;
			};
			name = Debug;
		};
		7DE0F6A51A9974D000E14A68 /* Release */ = {
			isa = XCBuildConfiguration;
			buildSettings = {
				ASSETCATALOG_COMPILER_APPICON_NAME = AppIcon;
				ASSETCATALOG_COMPILER_LAUNCHIMAGE_NAME = LaunchImage;
				GCC_PRECOMPILE_PREFIX_HEADER = YES;
				GCC_PREFIX_HEADER = "catalog/catalog-Prefix.pch";
				INFOPLIST_FILE = "catalog/catalog-Info.plist";
				PRODUCT_NAME = "$(TARGET_NAME)";
				WRAPPER_EXTENSION = app;
			};
			name = Release;
		};
		7DE0F6A71A9974D000E14A68 /* Debug */ = {
			isa = XCBuildConfiguration;
			buildSettings = {
				ARCHS = "$(ARCHS_STANDARD_INCLUDING_64_BIT)";
				BUNDLE_LOADER = "$(BUILT_PRODUCTS_DIR)/catalog.app/catalog";
				FRAMEWORK_SEARCH_PATHS = (
					"$(SDKROOT)/Developer/Library/Frameworks",
					"$(inherited)",
					"$(DEVELOPER_FRAMEWORKS_DIR)",
				);
				GCC_PRECOMPILE_PREFIX_HEADER = YES;
				GCC_PREFIX_HEADER = "catalog/catalog-Prefix.pch";
				GCC_PREPROCESSOR_DEFINITIONS = (
					"DEBUG=1",
					"$(inherited)",
				);
				INFOPLIST_FILE = "catalogTests/catalogTests-Info.plist";
				PRODUCT_NAME = "$(TARGET_NAME)";
				TEST_HOST = "$(BUNDLE_LOADER)";
				WRAPPER_EXTENSION = xctest;
			};
			name = Debug;
		};
		7DE0F6A81A9974D000E14A68 /* Release */ = {
			isa = XCBuildConfiguration;
			buildSettings = {
				ARCHS = "$(ARCHS_STANDARD_INCLUDING_64_BIT)";
				BUNDLE_LOADER = "$(BUILT_PRODUCTS_DIR)/catalog.app/catalog";
				FRAMEWORK_SEARCH_PATHS = (
					"$(SDKROOT)/Developer/Library/Frameworks",
					"$(inherited)",
					"$(DEVELOPER_FRAMEWORKS_DIR)",
				);
				GCC_PRECOMPILE_PREFIX_HEADER = YES;
				GCC_PREFIX_HEADER = "catalog/catalog-Prefix.pch";
				INFOPLIST_FILE = "catalogTests/catalogTests-Info.plist";
				PRODUCT_NAME = "$(TARGET_NAME)";
				TEST_HOST = "$(BUNDLE_LOADER)";
				WRAPPER_EXTENSION = xctest;
			};
			name = Release;
		};
/* End XCBuildConfiguration section */

/* Begin XCConfigurationList section */
		7DE0F6691A9974D000E14A68 /* Build configuration list for PBXProject "catalog" */ = {
			isa = XCConfigurationList;
			buildConfigurations = (
				7DE0F6A11A9974D000E14A68 /* Debug */,
				7DE0F6A21A9974D000E14A68 /* Release */,
			);
			defaultConfigurationIsVisible = 0;
			defaultConfigurationName = Release;
		};
		7DE0F6A31A9974D000E14A68 /* Build configuration list for PBXNativeTarget "catalog" */ = {
			isa = XCConfigurationList;
			buildConfigurations = (
				7DE0F6A41A9974D000E14A68 /* Debug */,
				7DE0F6A51A9974D000E14A68 /* Release */,
			);
			defaultConfigurationIsVisible = 0;
		};
		7DE0F6A61A9974D000E14A68 /* Build configuration list for PBXNativeTarget "catalogTests" */ = {
			isa = XCConfigurationList;
			buildConfigurations = (
				7DE0F6A71A9974D000E14A68 /* Debug */,
				7DE0F6A81A9974D000E14A68 /* Release */,
			);
			defaultConfigurationIsVisible = 0;
		};
/* End XCConfigurationList section */
	};
	rootObject = 7DE0F6661A9974D000E14A68 /* Project object */;
}
